// !$*UTF8*$!
{
	archiveVersion = 1;
	classes = {
	};
	objectVersion = 48;
	objects = {

/* Begin PBXBuildFile section */
		E0F7D98F2029190C00D83BE6 /* AppDelegate.m in Sources */ = {isa = PBXBuildFile; fileRef = E0F7D98E2029190C00D83BE6 /* AppDelegate.m */; };
		E0F7D9952029190C00D83BE6 /* Main.storyboard in Resources */ = {isa = PBXBuildFile; fileRef = E0F7D9932029190C00D83BE6 /* Main.storyboard */; };
		E0F7D9972029190C00D83BE6 /* Assets.xcassets in Resources */ = {isa = PBXBuildFile; fileRef = E0F7D9962029190C00D83BE6 /* Assets.xcassets */; };
		E0F7D99A2029190C00D83BE6 /* LaunchScreen.storyboard in Resources */ = {isa = PBXBuildFile; fileRef = E0F7D9982029190C00D83BE6 /* LaunchScreen.storyboard */; };
		E0F7D99D2029190C00D83BE6 /* main.m in Sources */ = {isa = PBXBuildFile; fileRef = E0F7D99C2029190C00D83BE6 /* main.m */; };
		E0F7D9E62029D18200D83BE6 /* CoreImage.framework in Frameworks */ = {isa = PBXBuildFile; fileRef = E0F7D9E52029D18200D83BE6 /* CoreImage.framework */; };
		E0F7D9EA2029D20100D83BE6 /* ListViewController.m in Sources */ = {isa = PBXBuildFile; fileRef = E0F7D9E92029D20100D83BE6 /* ListViewController.m */; };
		E0F7D9ED2029D92100D83BE6 /* PendingOperations.m in Sources */ = {isa = PBXBuildFile; fileRef = E0F7D9EC2029D92100D83BE6 /* PendingOperations.m */; };
		E0F7D9F02029D95400D83BE6 /* PhotoRecord.m in Sources */ = {isa = PBXBuildFile; fileRef = E0F7D9EF2029D95400D83BE6 /* PhotoRecord.m */; };
		E0F7D9F42029DE1B00D83BE6 /* ImageDownloader.m in Sources */ = {isa = PBXBuildFile; fileRef = E0F7D9F32029DE1B00D83BE6 /* ImageDownloader.m */; };
		E0F7D9F82029E86700D83BE6 /* ImageFiltration.m in Sources */ = {isa = PBXBuildFile; fileRef = E0F7D9F72029E86700D83BE6 /* ImageFiltration.m */; };
/* End PBXBuildFile section */

/* Begin PBXFileReference section */
		E0F7D98A2029190C00D83BE6 /* ClassicPhotos.app */ = {isa = PBXFileReference; explicitFileType = wrapper.application; includeInIndex = 0; path = ClassicPhotos.app; sourceTree = BUILT_PRODUCTS_DIR; };
		E0F7D98D2029190C00D83BE6 /* AppDelegate.h */ = {isa = PBXFileReference; lastKnownFileType = sourcecode.c.h; path = AppDelegate.h; sourceTree = "<group>"; };
		E0F7D98E2029190C00D83BE6 /* AppDelegate.m */ = {isa = PBXFileReference; lastKnownFileType = sourcecode.c.objc; path = AppDelegate.m; sourceTree = "<group>"; };
		E0F7D9942029190C00D83BE6 /* Base */ = {isa = PBXFileReference; lastKnownFileType = file.storyboard; name = Base; path = Base.lproj/Main.storyboard; sourceTree = "<group>"; };
		E0F7D9962029190C00D83BE6 /* Assets.xcassets */ = {isa = PBXFileReference; lastKnownFileType = folder.assetcatalog; path = Assets.xcassets; sourceTree = "<group>"; };
		E0F7D9992029190C00D83BE6 /* Base */ = {isa = PBXFileReference; lastKnownFileType = file.storyboard; name = Base; path = Base.lproj/LaunchScreen.storyboard; sourceTree = "<group>"; };
		E0F7D99B2029190C00D83BE6 /* Info.plist */ = {isa = PBXFileReference; lastKnownFileType = text.plist.xml; path = Info.plist; sourceTree = "<group>"; };
		E0F7D99C2029190C00D83BE6 /* main.m */ = {isa = PBXFileReference; lastKnownFileType = sourcecode.c.objc; path = main.m; sourceTree = "<group>"; };
		E0F7D9E52029D18200D83BE6 /* CoreImage.framework */ = {isa = PBXFileReference; lastKnownFileType = wrapper.framework; name = CoreImage.framework; path = System/Library/Frameworks/CoreImage.framework; sourceTree = SDKROOT; };
		E0F7D9E82029D20100D83BE6 /* ListViewController.h */ = {isa = PBXFileReference; lastKnownFileType = sourcecode.c.h; path = ListViewController.h; sourceTree = "<group>"; };
		E0F7D9E92029D20100D83BE6 /* ListViewController.m */ = {isa = PBXFileReference; lastKnownFileType = sourcecode.c.objc; path = ListViewController.m; sourceTree = "<group>"; };
		E0F7D9EB2029D92100D83BE6 /* PendingOperations.h */ = {isa = PBXFileReference; lastKnownFileType = sourcecode.c.h; path = PendingOperations.h; sourceTree = "<group>"; };
		E0F7D9EC2029D92100D83BE6 /* PendingOperations.m */ = {isa = PBXFileReference; lastKnownFileType = sourcecode.c.objc; path = PendingOperations.m; sourceTree = "<group>"; };
		E0F7D9EE2029D95400D83BE6 /* PhotoRecord.h */ = {isa = PBXFileReference; lastKnownFileType = sourcecode.c.h; path = PhotoRecord.h; sourceTree = "<group>"; };
		E0F7D9EF2029D95400D83BE6 /* PhotoRecord.m */ = {isa = PBXFileReference; lastKnownFileType = sourcecode.c.objc; path = PhotoRecord.m; sourceTree = "<group>"; };
		E0F7D9F22029DE1B00D83BE6 /* ImageDownloader.h */ = {isa = PBXFileReference; lastKnownFileType = sourcecode.c.h; path = ImageDownloader.h; sourceTree = "<group>"; };
		E0F7D9F32029DE1B00D83BE6 /* ImageDownloader.m */ = {isa = PBXFileReference; lastKnownFileType = sourcecode.c.objc; path = ImageDownloader.m; sourceTree = "<group>"; };
		E0F7D9F52029E18200D83BE6 /* RecordState.h */ = {isa = PBXFileReference; lastKnownFileType = sourcecode.c.h; path = RecordState.h; sourceTree = "<group>"; };
		E0F7D9F62029E86700D83BE6 /* ImageFiltration.h */ = {isa = PBXFileReference; lastKnownFileType = sourcecode.c.h; path = ImageFiltration.h; sourceTree = "<group>"; };
		E0F7D9F72029E86700D83BE6 /* ImageFiltration.m */ = {isa = PBXFileReference; lastKnownFileType = sourcecode.c.objc; path = ImageFiltration.m; sourceTree = "<group>"; };
/* End PBXFileReference section */

/* Begin PBXFrameworksBuildPhase section */
		E0F7D9872029190C00D83BE6 /* Frameworks */ = {
			isa = PBXFrameworksBuildPhase;
			buildActionMask = 2147483647;
			files = (
				E0F7D9E62029D18200D83BE6 /* CoreImage.framework in Frameworks */,
			);
			runOnlyForDeploymentPostprocessing = 0;
		};
/* End PBXFrameworksBuildPhase section */

/* Begin PBXGroup section */
		E0F7D9812029190C00D83BE6 = {
			isa = PBXGroup;
			children = (
				E0F7D98C2029190C00D83BE6 /* ClassicPhotos */,
				E0F7D98B2029190C00D83BE6 /* Products */,
				E0F7D9E42029D18200D83BE6 /* Frameworks */,
			);
			sourceTree = "<group>";
		};
		E0F7D98B2029190C00D83BE6 /* Products */ = {
			isa = PBXGroup;
			children = (
				E0F7D98A2029190C00D83BE6 /* ClassicPhotos.app */,
			);
			name = Products;
			sourceTree = "<group>";
		};
		E0F7D98C2029190C00D83BE6 /* ClassicPhotos */ = {
			isa = PBXGroup;
			children = (
				E0F7D9E82029D20100D83BE6 /* ListViewController.h */,
				E0F7D9E92029D20100D83BE6 /* ListViewController.m */,
				E0F7D9932029190C00D83BE6 /* Main.storyboard */,
				E0F7D9F12029D96300D83BE6 /* Operations */,
				E0F7D9E72029D1D200D83BE6 /* SupportingFiles */,
			);
			path = ClassicPhotos;
			sourceTree = "<group>";
		};
		E0F7D9E42029D18200D83BE6 /* Frameworks */ = {
			isa = PBXGroup;
			children = (
				E0F7D9E52029D18200D83BE6 /* CoreImage.framework */,
			);
			name = Frameworks;
			sourceTree = "<group>";
		};
		E0F7D9E72029D1D200D83BE6 /* SupportingFiles */ = {
			isa = PBXGroup;
			children = (
				E0F7D98D2029190C00D83BE6 /* AppDelegate.h */,
				E0F7D98E2029190C00D83BE6 /* AppDelegate.m */,
				E0F7D9962029190C00D83BE6 /* Assets.xcassets */,
				E0F7D9982029190C00D83BE6 /* LaunchScreen.storyboard */,
				E0F7D99B2029190C00D83BE6 /* Info.plist */,
				E0F7D99C2029190C00D83BE6 /* main.m */,
			);
			name = SupportingFiles;
			sourceTree = "<group>";
		};
		E0F7D9F12029D96300D83BE6 /* Operations */ = {
			isa = PBXGroup;
			children = (
				E0F7D9F22029DE1B00D83BE6 /* ImageDownloader.h */,
				E0F7D9F32029DE1B00D83BE6 /* ImageDownloader.m */,
				E0F7D9F62029E86700D83BE6 /* ImageFiltration.h */,
				E0F7D9F72029E86700D83BE6 /* ImageFiltration.m */,
				E0F7D9EE2029D95400D83BE6 /* PhotoRecord.h */,
				E0F7D9EF2029D95400D83BE6 /* PhotoRecord.m */,
				E0F7D9EB2029D92100D83BE6 /* PendingOperations.h */,
				E0F7D9EC2029D92100D83BE6 /* PendingOperations.m */,
				E0F7D9F52029E18200D83BE6 /* RecordState.h */,
			);
			path = Operations;
			sourceTree = "<group>";
		};
/* End PBXGroup section */

/* Begin PBXNativeTarget section */
		E0F7D9892029190C00D83BE6 /* ClassicPhotos */ = {
			isa = PBXNativeTarget;
			buildConfigurationList = E0F7D9A02029190C00D83BE6 /* Build configuration list for PBXNativeTarget "ClassicPhotos" */;
			buildPhases = (
				E0F7D9862029190C00D83BE6 /* Sources */,
				E0F7D9872029190C00D83BE6 /* Frameworks */,
				E0F7D9882029190C00D83BE6 /* Resources */,
			);
			buildRules = (
			);
			dependencies = (
			);
			name = ClassicPhotos;
			productName = ClassicPhotos;
			productReference = E0F7D98A2029190C00D83BE6 /* ClassicPhotos.app */;
			productType = "com.apple.product-type.application";
		};
/* End PBXNativeTarget section */

/* Begin PBXProject section */
		E0F7D9822029190C00D83BE6 /* Project object */ = {
			isa = PBXProject;
			attributes = {
				LastUpgradeCheck = 0920;
				ORGANIZATIONNAME = "Roman Ustiantcev";
				TargetAttributes = {
					E0F7D9892029190C00D83BE6 = {
						CreatedOnToolsVersion = 9.2;
						ProvisioningStyle = Automatic;
					};
				};
			};
			buildConfigurationList = E0F7D9852029190C00D83BE6 /* Build configuration list for PBXProject "ClassicPhotos" */;
			compatibilityVersion = "Xcode 8.0";
			developmentRegion = en;
			hasScannedForEncodings = 0;
			knownRegions = (
				en,
				Base,
			);
			mainGroup = E0F7D9812029190C00D83BE6;
			productRefGroup = E0F7D98B2029190C00D83BE6 /* Products */;
			projectDirPath = "";
			projectRoot = "";
			targets = (
				E0F7D9892029190C00D83BE6 /* ClassicPhotos */,
			);
		};
/* End PBXProject section */

/* Begin PBXResourcesBuildPhase section */
		E0F7D9882029190C00D83BE6 /* Resources */ = {
			isa = PBXResourcesBuildPhase;
			buildActionMask = 2147483647;
			files = (
				E0F7D99A2029190C00D83BE6 /* LaunchScreen.storyboard in Resources */,
				E0F7D9972029190C00D83BE6 /* Assets.xcassets in Resources */,
				E0F7D9952029190C00D83BE6 /* Main.storyboard in Resources */,
			);
			runOnlyForDeploymentPostprocessing = 0;
		};
/* End PBXResourcesBuildPhase section */

/* Begin PBXSourcesBuildPhase section */
		E0F7D9862029190C00D83BE6 /* Sources */ = {
			isa = PBXSourcesBuildPhase;
			buildActionMask = 2147483647;
			files = (
				E0F7D9F42029DE1B00D83BE6 /* ImageDownloader.m in Sources */,
				E0F7D99D2029190C00D83BE6 /* main.m in Sources */,
				E0F7D9F82029E86700D83BE6 /* ImageFiltration.m in Sources */,
				E0F7D9F02029D95400D83BE6 /* PhotoRecord.m in Sources */,
				E0F7D98F2029190C00D83BE6 /* AppDelegate.m in Sources */,
				E0F7D9EA2029D20100D83BE6 /* ListViewController.m in Sources */,
				E0F7D9ED2029D92100D83BE6 /* PendingOperations.m in Sources */,
			);
			runOnlyForDeploymentPostprocessing = 0;
		};
/* End PBXSourcesBuildPhase section */

/* Begin PBXVariantGroup section */
		E0F7D9932029190C00D83BE6 /* Main.storyboard */ = {
			isa = PBXVariantGroup;
			children = (
				E0F7D9942029190C00D83BE6 /* Base */,
			);
			name = Main.storyboard;
			sourceTree = "<group>";
		};
		E0F7D9982029190C00D83BE6 /* LaunchScreen.storyboard */ = {
			isa = PBXVariantGroup;
			children = (
				E0F7D9992029190C00D83BE6 /* Base */,
			);
			name = LaunchScreen.storyboard;
			sourceTree = "<group>";
		};
/* End PBXVariantGroup section */

/* Begin XCBuildConfiguration section */
		E0F7D99E2029190C00D83BE6 /* Debug */ = {
			isa = XCBuildConfiguration;
			buildSettings = {
				ALWAYS_SEARCH_USER_PATHS = NO;
				CLANG_ANALYZER_NONNULL = YES;
				CLANG_ANALYZER_NUMBER_OBJECT_CONVERSION = YES_AGGRESSIVE;
				CLANG_CXX_LANGUAGE_STANDARD = "gnu++14";
				CLANG_CXX_LIBRARY = "libc++";
				CLANG_ENABLE_MODULES = YES;
				CLANG_ENABLE_OBJC_ARC = YES;
				CLANG_WARN_BLOCK_CAPTURE_AUTORELEASING = YES;
				CLANG_WARN_BOOL_CONVERSION = YES;
				CLANG_WARN_COMMA = YES;
				CLANG_WARN_CONSTANT_CONVERSION = YES;
				CLANG_WARN_DIRECT_OBJC_ISA_USAGE = YES_ERROR;
				CLANG_WARN_DOCUMENTATION_COMMENTS = YES;
				CLANG_WARN_EMPTY_BODY = YES;
				CLANG_WARN_ENUM_CONVERSION = YES;
				CLANG_WARN_INFINITE_RECURSION = YES;
				CLANG_WARN_INT_CONVERSION = YES;
				CLANG_WARN_NON_LITERAL_NULL_CONVERSION = YES;
				CLANG_WARN_OBJC_LITERAL_CONVERSION = YES;
				CLANG_WARN_OBJC_ROOT_CLASS = YES_ERROR;
				CLANG_WARN_RANGE_LOOP_ANALYSIS = YES;
				CLANG_WARN_STRICT_PROTOTYPES = YES;
				CLANG_WARN_SUSPICIOUS_MOVE = YES;
				CLANG_WARN_UNGUARDED_AVAILABILITY = YES_AGGRESSIVE;
				CLANG_WARN_UNREACHABLE_CODE = YES;
				CLANG_WARN__DUPLICATE_METHOD_MATCH = YES;
				CODE_SIGN_IDENTITY = "iPhone Developer";
				COPY_PHASE_STRIP = NO;
				DEBUG_INFORMATION_FORMAT = dwarf;
				ENABLE_STRICT_OBJC_MSGSEND = YES;
				ENABLE_TESTABILITY = YES;
				GCC_C_LANGUAGE_STANDARD = gnu11;
				GCC_DYNAMIC_NO_PIC = NO;
				GCC_NO_COMMON_BLOCKS = YES;
				GCC_OPTIMIZATION_LEVEL = 0;
				GCC_PREPROCESSOR_DEFINITIONS = (
					"DEBUG=1",
					"$(inherited)",
				);
				GCC_WARN_64_TO_32_BIT_CONVERSION = YES;
				GCC_WARN_ABOUT_RETURN_TYPE = YES_ERROR;
				GCC_WARN_UNDECLARED_SELECTOR = YES;
				GCC_WARN_UNINITIALIZED_AUTOS = YES_AGGRESSIVE;
				GCC_WARN_UNUSED_FUNCTION = YES;
				GCC_WARN_UNUSED_VARIABLE = YES;
				IPHONEOS_DEPLOYMENT_TARGET = 11.2;
				MTL_ENABLE_DEBUG_INFO = YES;
				ONLY_ACTIVE_ARCH = YES;
				SDKROOT = iphoneos;
			};
			name = Debug;
		};
		E0F7D99F2029190C00D83BE6 /* Release */ = {
			isa = XCBuildConfiguration;
			buildSettings = {
				ALWAYS_SEARCH_USER_PATHS = NO;
				CLANG_ANALYZER_NONNULL = YES;
				CLANG_ANALYZER_NUMBER_OBJECT_CONVERSION = YES_AGGRESSIVE;
				CLANG_CXX_LANGUAGE_STANDARD = "gnu++14";
				CLANG_CXX_LIBRARY = "libc++";
				CLANG_ENABLE_MODULES = YES;
				CLANG_ENABLE_OBJC_ARC = YES;
				CLANG_WARN_BLOCK_CAPTURE_AUTORELEASING = YES;
				CLANG_WARN_BOOL_CONVERSION = YES;
				CLANG_WARN_COMMA = YES;
				CLANG_WARN_CONSTANT_CONVERSION = YES;
				CLANG_WARN_DIRECT_OBJC_ISA_USAGE = YES_ERROR;
				CLANG_WARN_DOCUMENTATION_COMMENTS = YES;
				CLANG_WARN_EMPTY_BODY = YES;
				CLANG_WARN_ENUM_CONVERSION = YES;
				CLANG_WARN_INFINITE_RECURSION = YES;
				CLANG_WARN_INT_CONVERSION = YES;
				CLANG_WARN_NON_LITERAL_NULL_CONVERSION = YES;
				CLANG_WARN_OBJC_LITERAL_CONVERSION = YES;
				CLANG_WARN_OBJC_ROOT_CLASS = YES_ERROR;
				CLANG_WARN_RANGE_LOOP_ANALYSIS = YES;
				CLANG_WARN_STRICT_PROTOTYPES = YES;
				CLANG_WARN_SUSPICIOUS_MOVE = YES;
				CLANG_WARN_UNGUARDED_AVAILABILITY = YES_AGGRESSIVE;
				CLANG_WARN_UNREACHABLE_CODE = YES;
				CLANG_WARN__DUPLICATE_METHOD_MATCH = YES;
				CODE_SIGN_IDENTITY = "iPhone Developer";
				COPY_PHASE_STRIP = NO;
				DEBUG_INFORMATION_FORMAT = "dwarf-with-dsym";
				ENABLE_NS_ASSERTIONS = NO;
				ENABLE_STRICT_OBJC_MSGSEND = YES;
				GCC_C_LANGUAGE_STANDARD = gnu11;
				GCC_NO_COMMON_BLOCKS = YES;
				GCC_WARN_64_TO_32_BIT_CONVERSION = YES;
				GCC_WARN_ABOUT_RETURN_TYPE = YES_ERROR;
				GCC_WARN_UNDECLARED_SELECTOR = YES;
				GCC_WARN_UNINITIALIZED_AUTOS = YES_AGGRESSIVE;
				GCC_WARN_UNUSED_FUNCTION = YES;
				GCC_WARN_UNUSED_VARIABLE = YES;
				IPHONEOS_DEPLOYMENT_TARGET = 11.2;
				MTL_ENABLE_DEBUG_INFO = NO;
				SDKROOT = iphoneos;
				VALIDATE_PRODUCT = YES;
			};
			name = Release;
		};
		E0F7D9A12029190C00D83BE6 /* Debug */ = {
			isa = XCBuildConfiguration;
			buildSettings = {
				ASSETCATALOG_COMPILER_APPICON_NAME = AppIcon;
				CODE_SIGN_STYLE = Automatic;
				DEVELOPMENT_TEAM = NVMU6WZ9AZ;
				INFOPLIST_FILE = ClassicPhotos/Info.plist;
				LD_RUNPATH_SEARCH_PATHS = "$(inherited) @executable_path/Frameworks";
				PRODUCT_BUNDLE_IDENTIFIER = "rom-portfolio.ClassicPhotos";
				PRODUCT_NAME = "$(TARGET_NAME)";
				TARGETED_DEVICE_FAMILY = "1,2";
			};
			name = Debug;
		};
		E0F7D9A22029190C00D83BE6 /* Release */ = {
			isa = XCBuildConfiguration;
			buildSettings = {
				ASSETCATALOG_COMPILER_APPICON_NAME = AppIcon;
				CODE_SIGN_STYLE = Automatic;
				DEVELOPMENT_TEAM = NVMU6WZ9AZ;
				INFOPLIST_FILE = ClassicPhotos/Info.plist;
				LD_RUNPATH_SEARCH_PATHS = "$(inherited) @executable_path/Frameworks";
				PRODUCT_BUNDLE_IDENTIFIER = "rom-portfolio.ClassicPhotos";
				PRODUCT_NAME = "$(TARGET_NAME)";
				TARGETED_DEVICE_FAMILY = "1,2";
			};
			name = Release;
		};
/* End XCBuildConfiguration section */

/* Begin XCConfigurationList section */
		E0F7D9852029190C00D83BE6 /* Build configuration list for PBXProject "ClassicPhotos" */ = {
			isa = XCConfigurationList;
			buildConfigurations = (
				E0F7D99E2029190C00D83BE6 /* Debug */,
				E0F7D99F2029190C00D83BE6 /* Release */,
			);
			defaultConfigurationIsVisible = 0;
			defaultConfigurationName = Release;
		};
		E0F7D9A02029190C00D83BE6 /* Build configuration list for PBXNativeTarget "ClassicPhotos" */ = {
			isa = XCConfigurationList;
			buildConfigurations = (
				E0F7D9A12029190C00D83BE6 /* Debug */,
				E0F7D9A22029190C00D83BE6 /* Release */,
			);
			defaultConfigurationIsVisible = 0;
			defaultConfigurationName = Release;
		};
/* End XCConfigurationList section */
	};
	rootObject = E0F7D9822029190C00D83BE6 /* Project object */;
}
